// !$*UTF8*$!
{
	archiveVersion = 1;
	classes = {
	};
	objectVersion = 56;
	objects = {

/* Begin PBXBuildFile section */
		84869EED2B13D75700E83A69 /* CryptoCurrencyApp.swift in Sources */ = {isa = PBXBuildFile; fileRef = 84869EEC2B13D75700E83A69 /* CryptoCurrencyApp.swift */; };
		84869EEF2B13D75700E83A69 /* ContentView.swift in Sources */ = {isa = PBXBuildFile; fileRef = 84869EEE2B13D75700E83A69 /* ContentView.swift */; };
		84869EF12B13D75A00E83A69 /* Assets.xcassets in Resources */ = {isa = PBXBuildFile; fileRef = 84869EF02B13D75A00E83A69 /* Assets.xcassets */; };
		84869EF52B13D75A00E83A69 /* Preview Assets.xcassets in Resources */ = {isa = PBXBuildFile; fileRef = 84869EF42B13D75A00E83A69 /* Preview Assets.xcassets */; };
		84869F072B13D8EE00E83A69 /* HomeView.swift in Sources */ = {isa = PBXBuildFile; fileRef = 84869F062B13D8EE00E83A69 /* HomeView.swift */; };
		84869F092B13DC8800E83A69 /* TopMoversView.swift in Sources */ = {isa = PBXBuildFile; fileRef = 84869F082B13DC8800E83A69 /* TopMoversView.swift */; };
		84869F0B2B13DC9600E83A69 /* TopMoversItemView.swift in Sources */ = {isa = PBXBuildFile; fileRef = 84869F0A2B13DC9600E83A69 /* TopMoversItemView.swift */; };
		84E33B2A2B140B930045F173 /* AllCoinsView.swift in Sources */ = {isa = PBXBuildFile; fileRef = 84E33B292B140B930045F173 /* AllCoinsView.swift */; };
		84E33B2C2B140BA40045F173 /* AllCoinsItemView.swift in Sources */ = {isa = PBXBuildFile; fileRef = 84E33B2B2B140BA40045F173 /* AllCoinsItemView.swift */; };
/* End PBXBuildFile section */

/* Begin PBXFileReference section */
		84869EE92B13D75700E83A69 /* CryptoCurrency.app */ = {isa = PBXFileReference; explicitFileType = wrapper.application; includeInIndex = 0; path = CryptoCurrency.app; sourceTree = BUILT_PRODUCTS_DIR; };
		84869EEC2B13D75700E83A69 /* CryptoCurrencyApp.swift */ = {isa = PBXFileReference; lastKnownFileType = sourcecode.swift; name = CryptoCurrencyApp.swift; path = ../CryptoCurrencyApp.swift; sourceTree = "<group>"; };
		84869EEE2B13D75700E83A69 /* ContentView.swift */ = {isa = PBXFileReference; lastKnownFileType = sourcecode.swift; path = ContentView.swift; sourceTree = "<group>"; };
		84869EF02B13D75A00E83A69 /* Assets.xcassets */ = {isa = PBXFileReference; lastKnownFileType = folder.assetcatalog; path = Assets.xcassets; sourceTree = "<group>"; };
		84869EF22B13D75A00E83A69 /* CryptoCurrency.entitlements */ = {isa = PBXFileReference; lastKnownFileType = text.plist.entitlements; path = CryptoCurrency.entitlements; sourceTree = "<group>"; };
		84869EF42B13D75A00E83A69 /* Preview Assets.xcassets */ = {isa = PBXFileReference; lastKnownFileType = folder.assetcatalog; path = "Preview Assets.xcassets"; sourceTree = "<group>"; };
		84869F062B13D8EE00E83A69 /* HomeView.swift */ = {isa = PBXFileReference; lastKnownFileType = sourcecode.swift; path = HomeView.swift; sourceTree = "<group>"; };
		84869F082B13DC8800E83A69 /* TopMoversView.swift */ = {isa = PBXFileReference; lastKnownFileType = sourcecode.swift; path = TopMoversView.swift; sourceTree = "<group>"; };
		84869F0A2B13DC9600E83A69 /* TopMoversItemView.swift */ = {isa = PBXFileReference; lastKnownFileType = sourcecode.swift; path = TopMoversItemView.swift; sourceTree = "<group>"; };
		84E33B292B140B930045F173 /* AllCoinsView.swift */ = {isa = PBXFileReference; lastKnownFileType = sourcecode.swift; path = AllCoinsView.swift; sourceTree = "<group>"; };
		84E33B2B2B140BA40045F173 /* AllCoinsItemView.swift */ = {isa = PBXFileReference; lastKnownFileType = sourcecode.swift; path = AllCoinsItemView.swift; sourceTree = "<group>"; };
/* End PBXFileReference section */

/* Begin PBXFrameworksBuildPhase section */
		84869EE62B13D75700E83A69 /* Frameworks */ = {
			isa = PBXFrameworksBuildPhase;
			buildActionMask = 2147483647;
			files = (
			);
			runOnlyForDeploymentPostprocessing = 0;
		};
/* End PBXFrameworksBuildPhase section */

/* Begin PBXGroup section */
		84869EE02B13D75600E83A69 = {
			isa = PBXGroup;
			children = (
				84869EEB2B13D75700E83A69 /* CryptoCurrency */,
				84869EEA2B13D75700E83A69 /* Products */,
			);
			sourceTree = "<group>";
		};
		84869EEA2B13D75700E83A69 /* Products */ = {
			isa = PBXGroup;
			children = (
				84869EE92B13D75700E83A69 /* CryptoCurrency.app */,
			);
			name = Products;
			sourceTree = "<group>";
		};
		84869EEB2B13D75700E83A69 /* CryptoCurrency */ = {
			isa = PBXGroup;
			children = (
				84869F012B13D84600E83A69 /* Utils */,
				84869F002B13D84500E83A69 /* Extencions */,
				84869EFF2B13D84400E83A69 /* Model */,
				84869EFE2B13D84400E83A69 /* Core */,
				84869EFB2B13D81200E83A69 /* App */,
				84869EEE2B13D75700E83A69 /* ContentView.swift */,
				84869EF02B13D75A00E83A69 /* Assets.xcassets */,
				84869EF22B13D75A00E83A69 /* CryptoCurrency.entitlements */,
				84869EF32B13D75A00E83A69 /* Preview Content */,
			);
			path = CryptoCurrency;
			sourceTree = "<group>";
		};
		84869EF32B13D75A00E83A69 /* Preview Content */ = {
			isa = PBXGroup;
			children = (
				84869EF42B13D75A00E83A69 /* Preview Assets.xcassets */,
			);
			path = "Preview Content";
			sourceTree = "<group>";
		};
		84869EFB2B13D81200E83A69 /* App */ = {
			isa = PBXGroup;
			children = (
				84869EEC2B13D75700E83A69 /* CryptoCurrencyApp.swift */,
			);
			path = App;
			sourceTree = "<group>";
		};
		84869EFE2B13D84400E83A69 /* Core */ = {
			isa = PBXGroup;
			children = (
				84869F022B13D88700E83A69 /* Home */,
			);
			path = Core;
			sourceTree = "<group>";
		};
		84869EFF2B13D84400E83A69 /* Model */ = {
			isa = PBXGroup;
			children = (
			);
			path = Model;
			sourceTree = "<group>";
		};
		84869F002B13D84500E83A69 /* Extencions */ = {
			isa = PBXGroup;
			children = (
			);
			path = Extencions;
			sourceTree = "<group>";
		};
		84869F012B13D84600E83A69 /* Utils */ = {
			isa = PBXGroup;
			children = (
			);
			name = Utils;
			sourceTree = "<group>";
		};
		84869F022B13D88700E83A69 /* Home */ = {
			isa = PBXGroup;
			children = (
				84869F052B13D8C600E83A69 /* Views */,
				84869F032B13D8C000E83A69 /* ViewModels */,
			);
			path = Home;
			sourceTree = "<group>";
		};
		84869F032B13D8C000E83A69 /* ViewModels */ = {
			isa = PBXGroup;
			children = (
			);
			path = ViewModels;
			sourceTree = "<group>";
		};
		84869F052B13D8C600E83A69 /* Views */ = {
			isa = PBXGroup;
			children = (
				84869F062B13D8EE00E83A69 /* HomeView.swift */,
				84869F082B13DC8800E83A69 /* TopMoversView.swift */,
				84869F0A2B13DC9600E83A69 /* TopMoversItemView.swift */,
				84E33B292B140B930045F173 /* AllCoinsView.swift */,
				84E33B2B2B140BA40045F173 /* AllCoinsItemView.swift */,
			);
			path = Views;
			sourceTree = "<group>";
		};
/* End PBXGroup section */

/* Begin PBXNativeTarget section */
		84869EE82B13D75700E83A69 /* CryptoCurrency */ = {
			isa = PBXNativeTarget;
			buildConfigurationList = 84869EF82B13D75A00E83A69 /* Build configuration list for PBXNativeTarget "CryptoCurrency" */;
			buildPhases = (
				84869EE52B13D75700E83A69 /* Sources */,
				84869EE62B13D75700E83A69 /* Frameworks */,
				84869EE72B13D75700E83A69 /* Resources */,
			);
			buildRules = (
			);
			dependencies = (
			);
			name = CryptoCurrency;
			productName = CryptoCurrency;
			productReference = 84869EE92B13D75700E83A69 /* CryptoCurrency.app */;
			productType = "com.apple.product-type.application";
		};
/* End PBXNativeTarget section */

/* Begin PBXProject section */
		84869EE12B13D75600E83A69 /* Project object */ = {
			isa = PBXProject;
			attributes = {
				BuildIndependentTargetsInParallel = 1;
				LastSwiftUpdateCheck = 1420;
				LastUpgradeCheck = 1420;
				TargetAttributes = {
					84869EE82B13D75700E83A69 = {
						CreatedOnToolsVersion = 14.2;
					};
				};
			};
			buildConfigurationList = 84869EE42B13D75600E83A69 /* Build configuration list for PBXProject "CryptoCurrency" */;
			compatibilityVersion = "Xcode 14.0";
			developmentRegion = en;
			hasScannedForEncodings = 0;
			knownRegions = (
				en,
				Base,
			);
			mainGroup = 84869EE02B13D75600E83A69;
			productRefGroup = 84869EEA2B13D75700E83A69 /* Products */;
			projectDirPath = "";
			projectRoot = "";
			targets = (
				84869EE82B13D75700E83A69 /* CryptoCurrency */,
			);
		};
/* End PBXProject section */

/* Begin PBXResourcesBuildPhase section */
		84869EE72B13D75700E83A69 /* Resources */ = {
			isa = PBXResourcesBuildPhase;
			buildActionMask = 2147483647;
			files = (
				84869EF52B13D75A00E83A69 /* Preview Assets.xcassets in Resources */,
				84869EF12B13D75A00E83A69 /* Assets.xcassets in Resources */,
			);
			runOnlyForDeploymentPostprocessing = 0;
		};
/* End PBXResourcesBuildPhase section */

/* Begin PBXSourcesBuildPhase section */
		84869EE52B13D75700E83A69 /* Sources */ = {
			isa = PBXSourcesBuildPhase;
			buildActionMask = 2147483647;
			files = (
				84869F092B13DC8800E83A69 /* TopMoversView.swift in Sources */,
				84E33B2A2B140B930045F173 /* AllCoinsView.swift in Sources */,
				84869F072B13D8EE00E83A69 /* HomeView.swift in Sources */,
				84869EEF2B13D75700E83A69 /* ContentView.swift in Sources */,
				84869F0B2B13DC9600E83A69 /* TopMoversItemView.swift in Sources */,
				84869EED2B13D75700E83A69 /* CryptoCurrencyApp.swift in Sources */,
				84E33B2C2B140BA40045F173 /* AllCoinsItemView.swift in Sources */,
			);
			runOnlyForDeploymentPostprocessing = 0;
		};
/* End PBXSourcesBuildPhase section */

/* Begin XCBuildConfiguration section */
		84869EF62B13D75A00E83A69 /* Debug */ = {
			isa = XCBuildConfiguration;
			buildSettings = {
				ALWAYS_SEARCH_USER_PATHS = NO;
				CLANG_ANALYZER_NONNULL = YES;
				CLANG_ANALYZER_NUMBER_OBJECT_CONVERSION = YES_AGGRESSIVE;
				CLANG_CXX_LANGUAGE_STANDARD = "gnu++20";
				CLANG_ENABLE_MODULES = YES;
				CLANG_ENABLE_OBJC_ARC = YES;
				CLANG_ENABLE_OBJC_WEAK = YES;
				CLANG_WARN_BLOCK_CAPTURE_AUTORELEASING = YES;
				CLANG_WARN_BOOL_CONVERSION = YES;
				CLANG_WARN_COMMA = YES;
				CLANG_WARN_CONSTANT_CONVERSION = YES;
				CLANG_WARN_DEPRECATED_OBJC_IMPLEMENTATIONS = YES;
				CLANG_WARN_DIRECT_OBJC_ISA_USAGE = YES_ERROR;
				CLANG_WARN_DOCUMENTATION_COMMENTS = YES;
				CLANG_WARN_EMPTY_BODY = YES;
				CLANG_WARN_ENUM_CONVERSION = YES;
				CLANG_WARN_INFINITE_RECURSION = YES;
				CLANG_WARN_INT_CONVERSION = YES;
				CLANG_WARN_NON_LITERAL_NULL_CONVERSION = YES;
				CLANG_WARN_OBJC_IMPLICIT_RETAIN_SELF = YES;
				CLANG_WARN_OBJC_LITERAL_CONVERSION = YES;
				CLANG_WARN_OBJC_ROOT_CLASS = YES_ERROR;
				CLANG_WARN_QUOTED_INCLUDE_IN_FRAMEWORK_HEADER = YES;
				CLANG_WARN_RANGE_LOOP_ANALYSIS = YES;
				CLANG_WARN_STRICT_PROTOTYPES = YES;
				CLANG_WARN_SUSPICIOUS_MOVE = YES;
				CLANG_WARN_UNGUARDED_AVAILABILITY = YES_AGGRESSIVE;
				CLANG_WARN_UNREACHABLE_CODE = YES;
				CLANG_WARN__DUPLICATE_METHOD_MATCH = YES;
				COPY_PHASE_STRIP = NO;
				DEBUG_INFORMATION_FORMAT = dwarf;
				ENABLE_STRICT_OBJC_MSGSEND = YES;
				ENABLE_TESTABILITY = YES;
				GCC_C_LANGUAGE_STANDARD = gnu11;
				GCC_DYNAMIC_NO_PIC = NO;
				GCC_NO_COMMON_BLOCKS = YES;
				GCC_OPTIMIZATION_LEVEL = 0;
				GCC_PREPROCESSOR_DEFINITIONS = (
					"DEBUG=1",
					"$(inherited)",
				);
				GCC_WARN_64_TO_32_BIT_CONVERSION = YES;
				GCC_WARN_ABOUT_RETURN_TYPE = YES_ERROR;
				GCC_WARN_UNDECLARED_SELECTOR = YES;
				GCC_WARN_UNINITIALIZED_AUTOS = YES_AGGRESSIVE;
				GCC_WARN_UNUSED_FUNCTION = YES;
				GCC_WARN_UNUSED_VARIABLE = YES;
				MTL_ENABLE_DEBUG_INFO = INCLUDE_SOURCE;
				MTL_FAST_MATH = YES;
				ONLY_ACTIVE_ARCH = YES;
				SWIFT_ACTIVE_COMPILATION_CONDITIONS = DEBUG;
				SWIFT_OPTIMIZATION_LEVEL = "-Onone";
			};
			name = Debug;
		};
		84869EF72B13D75A00E83A69 /* Release */ = {
			isa = XCBuildConfiguration;
			buildSettings = {
				ALWAYS_SEARCH_USER_PATHS = NO;
				CLANG_ANALYZER_NONNULL = YES;
				CLANG_ANALYZER_NUMBER_OBJECT_CONVERSION = YES_AGGRESSIVE;
				CLANG_CXX_LANGUAGE_STANDARD = "gnu++20";
				CLANG_ENABLE_MODULES = YES;
				CLANG_ENABLE_OBJC_ARC = YES;
				CLANG_ENABLE_OBJC_WEAK = YES;
				CLANG_WARN_BLOCK_CAPTURE_AUTORELEASING = YES;
				CLANG_WARN_BOOL_CONVERSION = YES;
				CLANG_WARN_COMMA = YES;
				CLANG_WARN_CONSTANT_CONVERSION = YES;
				CLANG_WARN_DEPRECATED_OBJC_IMPLEMENTATIONS = YES;
				CLANG_WARN_DIRECT_OBJC_ISA_USAGE = YES_ERROR;
				CLANG_WARN_DOCUMENTATION_COMMENTS = YES;
				CLANG_WARN_EMPTY_BODY = YES;
				CLANG_WARN_ENUM_CONVERSION = YES;
				CLANG_WARN_INFINITE_RECURSION = YES;
				CLANG_WARN_INT_CONVERSION = YES;
				CLANG_WARN_NON_LITERAL_NULL_CONVERSION = YES;
				CLANG_WARN_OBJC_IMPLICIT_RETAIN_SELF = YES;
				CLANG_WARN_OBJC_LITERAL_CONVERSION = YES;
				CLANG_WARN_OBJC_ROOT_CLASS = YES_ERROR;
				CLANG_WARN_QUOTED_INCLUDE_IN_FRAMEWORK_HEADER = YES;
				CLANG_WARN_RANGE_LOOP_ANALYSIS = YES;
				CLANG_WARN_STRICT_PROTOTYPES = YES;
				CLANG_WARN_SUSPICIOUS_MOVE = YES;
				CLANG_WARN_UNGUARDED_AVAILABILITY = YES_AGGRESSIVE;
				CLANG_WARN_UNREACHABLE_CODE = YES;
				CLANG_WARN__DUPLICATE_METHOD_MATCH = YES;
				COPY_PHASE_STRIP = NO;
				DEBUG_INFORMATION_FORMAT = "dwarf-with-dsym";
				ENABLE_NS_ASSERTIONS = NO;
				ENABLE_STRICT_OBJC_MSGSEND = YES;
				GCC_C_LANGUAGE_STANDARD = gnu11;
				GCC_NO_COMMON_BLOCKS = YES;
				GCC_WARN_64_TO_32_BIT_CONVERSION = YES;
				GCC_WARN_ABOUT_RETURN_TYPE = YES_ERROR;
				GCC_WARN_UNDECLARED_SELECTOR = YES;
				GCC_WARN_UNINITIALIZED_AUTOS = YES_AGGRESSIVE;
				GCC_WARN_UNUSED_FUNCTION = YES;
				GCC_WARN_UNUSED_VARIABLE = YES;
				MTL_ENABLE_DEBUG_INFO = NO;
				MTL_FAST_MATH = YES;
				SWIFT_COMPILATION_MODE = wholemodule;
				SWIFT_OPTIMIZATION_LEVEL = "-O";
			};
			name = Release;
		};
		84869EF92B13D75A00E83A69 /* Debug */ = {
			isa = XCBuildConfiguration;
			buildSettings = {
				ASSETCATALOG_COMPILER_APPICON_NAME = AppIcon;
				ASSETCATALOG_COMPILER_GLOBAL_ACCENT_COLOR_NAME = AccentColor;
				CODE_SIGN_ENTITLEMENTS = CryptoCurrency/CryptoCurrency.entitlements;
				CODE_SIGN_STYLE = Automatic;
				CURRENT_PROJECT_VERSION = 1;
				DEVELOPMENT_ASSET_PATHS = "\"CryptoCurrency/Preview Content\"";
				DEVELOPMENT_TEAM = G3CQ4T9TU2;
				ENABLE_HARDENED_RUNTIME = YES;
				ENABLE_PREVIEWS = YES;
				GENERATE_INFOPLIST_FILE = YES;
				"INFOPLIST_KEY_UIApplicationSceneManifest_Generation[sdk=iphoneos*]" = YES;
				"INFOPLIST_KEY_UIApplicationSceneManifest_Generation[sdk=iphonesimulator*]" = YES;
				"INFOPLIST_KEY_UIApplicationSupportsIndirectInputEvents[sdk=iphoneos*]" = YES;
				"INFOPLIST_KEY_UIApplicationSupportsIndirectInputEvents[sdk=iphonesimulator*]" = YES;
				"INFOPLIST_KEY_UILaunchScreen_Generation[sdk=iphoneos*]" = YES;
				"INFOPLIST_KEY_UILaunchScreen_Generation[sdk=iphonesimulator*]" = YES;
				"INFOPLIST_KEY_UIStatusBarStyle[sdk=iphoneos*]" = UIStatusBarStyleDefault;
				"INFOPLIST_KEY_UIStatusBarStyle[sdk=iphonesimulator*]" = UIStatusBarStyleDefault;
				INFOPLIST_KEY_UISupportedInterfaceOrientations_iPad = "UIInterfaceOrientationPortrait UIInterfaceOrientationPortraitUpsideDown UIInterfaceOrientationLandscapeLeft UIInterfaceOrientationLandscapeRight";
				INFOPLIST_KEY_UISupportedInterfaceOrientations_iPhone = "UIInterfaceOrientationPortrait UIInterfaceOrientationLandscapeLeft UIInterfaceOrientationLandscapeRight";
				IPHONEOS_DEPLOYMENT_TARGET = 16.2;
				LD_RUNPATH_SEARCH_PATHS = "@executable_path/Frameworks";
				"LD_RUNPATH_SEARCH_PATHS[sdk=macosx*]" = "@executable_path/../Frameworks";
				MACOSX_DEPLOYMENT_TARGET = 12.7;
				MARKETING_VERSION = 1.0;
				PRODUCT_BUNDLE_IDENTIFIER = com.sarisanalperen.CryptoCurrency;
				PRODUCT_NAME = "$(TARGET_NAME)";
				SDKROOT = auto;
				SUPPORTED_PLATFORMS = "iphoneos iphonesimulator macosx";
				SWIFT_EMIT_LOC_STRINGS = YES;
				SWIFT_VERSION = 5.0;
				TARGETED_DEVICE_FAMILY = "1,2";
			};
			name = Debug;
		};
		84869EFA2B13D75A00E83A69 /* Release */ = {
			isa = XCBuildConfiguration;
			buildSettings = {
				ASSETCATALOG_COMPILER_APPICON_NAME = AppIcon;
				ASSETCATALOG_COMPILER_GLOBAL_ACCENT_COLOR_NAME = AccentColor;
				CODE_SIGN_ENTITLEMENTS = CryptoCurrency/CryptoCurrency.entitlements;
				CODE_SIGN_STYLE = Automatic;
				CURRENT_PROJECT_VERSION = 1;
				DEVELOPMENT_ASSET_PATHS = "\"CryptoCurrency/Preview Content\"";
				DEVELOPMENT_TEAM = G3CQ4T9TU2;
				ENABLE_HARDENED_RUNTIME = YES;
				ENABLE_PREVIEWS = YES;
				GENERATE_INFOPLIST_FILE = YES;
				"INFOPLIST_KEY_UIApplicationSceneManifest_Generation[sdk=iphoneos*]" = YES;
				"INFOPLIST_KEY_UIApplicationSceneManifest_Generation[sdk=iphonesimulator*]" = YES;
				"INFOPLIST_KEY_UIApplicationSupportsIndirectInputEvents[sdk=iphoneos*]" = YES;
				"INFOPLIST_KEY_UIApplicationSupportsIndirectInputEvents[sdk=iphonesimulator*]" = YES;
				"INFOPLIST_KEY_UILaunchScreen_Generation[sdk=iphoneos*]" = YES;
				"INFOPLIST_KEY_UILaunchScreen_Generation[sdk=iphonesimulator*]" = YES;
				"INFOPLIST_KEY_UIStatusBarStyle[sdk=iphoneos*]" = UIStatusBarStyleDefault;
				"INFOPLIST_KEY_UIStatusBarStyle[sdk=iphonesimulator*]" = UIStatusBarStyleDefault;
				INFOPLIST_KEY_UISupportedInterfaceOrientations_iPad = "UIInterfaceOrientationPortrait UIInterfaceOrientationPortraitUpsideDown UIInterfaceOrientationLandscapeLeft UIInterfaceOrientationLandscapeRight";
				INFOPLIST_KEY_UISupportedInterfaceOrientations_iPhone = "UIInterfaceOrientationPortrait UIInterfaceOrientationLandscapeLeft UIInterfaceOrientationLandscapeRight";
				IPHONEOS_DEPLOYMENT_TARGET = 16.2;
				LD_RUNPATH_SEARCH_PATHS = "@executable_path/Frameworks";
				"LD_RUNPATH_SEARCH_PATHS[sdk=macosx*]" = "@executable_path/../Frameworks";
				MACOSX_DEPLOYMENT_TARGET = 12.7;
				MARKETING_VERSION = 1.0;
				PRODUCT_BUNDLE_IDENTIFIER = com.sarisanalperen.CryptoCurrency;
				PRODUCT_NAME = "$(TARGET_NAME)";
				SDKROOT = auto;
				SUPPORTED_PLATFORMS = "iphoneos iphonesimulator macosx";
				SWIFT_EMIT_LOC_STRINGS = YES;
				SWIFT_VERSION = 5.0;
				TARGETED_DEVICE_FAMILY = "1,2";
			};
			name = Release;
		};
/* End XCBuildConfiguration section */

/* Begin XCConfigurationList section */
		84869EE42B13D75600E83A69 /* Build configuration list for PBXProject "CryptoCurrency" */ = {
			isa = XCConfigurationList;
			buildConfigurations = (
				84869EF62B13D75A00E83A69 /* Debug */,
				84869EF72B13D75A00E83A69 /* Release */,
			);
			defaultConfigurationIsVisible = 0;
			defaultConfigurationName = Release;
		};
		84869EF82B13D75A00E83A69 /* Build configuration list for PBXNativeTarget "CryptoCurrency" */ = {
			isa = XCConfigurationList;
			buildConfigurations = (
				84869EF92B13D75A00E83A69 /* Debug */,
				84869EFA2B13D75A00E83A69 /* Release */,
			);
			defaultConfigurationIsVisible = 0;
			defaultConfigurationName = Release;
		};
/* End XCConfigurationList section */
	};
	rootObject = 84869EE12B13D75600E83A69 /* Project object */;
}
